
Microsoft Visual Studio Solution File, Format Version 12.00
# Visual Studio Version 17
VisualStudioVersion = 17.1.32414.318
MinimumVisualStudioVersion = 10.0.40219.1
Project("{9A19103F-16F7-4668-BE54-9A1E7A4F7556}") = "LoggerLib", "LoggerLib\LoggerLib.csproj", "{C7E61F04-DAE7-4F6D-892C-30FE75519016}"
EndProject
Project("{9A19103F-16F7-4668-BE54-9A1E7A4F7556}") = "Tests", "ConsoleApp1\Tests.csproj", "{1997BAF1-364E-4E5D-8F89-281A5BDB003A}"
EndProject
Global
	GlobalSection(SolutionConfigurationPlatforms) = preSolution
		Debug|Any CPU = Debug|Any CPU
		Release|Any CPU = Release|Any CPU
	EndGlobalSection
	GlobalSection(ProjectConfigurationPlatforms) = postSolution
		{C7E61F04-DAE7-4F6D-892C-30FE75519016}.Debug|Any CPU.ActiveCfg = Debug|Any CPU
		{C7E61F04-DAE7-4F6D-892C-30FE75519016}.Debug|Any CPU.Build.0 = Debug|Any CPU
		{C7E61F04-DAE7-4F6D-892C-30FE75519016}.Release|Any CPU.ActiveCfg = Release|Any CPU
		{C7E61F04-DAE7-4F6D-892C-30FE75519016}.Release|Any CPU.Build.0 = Release|Any CPU
		{1997BAF1-364E-4E5D-8F89-281A5BDB003A}.Debug|Any CPU.ActiveCfg = Debug|Any CPU
		{1997BAF1-364E-4E5D-8F89-281A5BDB003A}.Debug|Any CPU.Build.0 = Debug|Any CPU
		{1997BAF1-364E-4E5D-8F89-281A5BDB003A}.Release|Any CPU.ActiveCfg = Release|Any CPU
		{1997BAF1-364E-4E5D-8F89-281A5BDB003A}.Release|Any CPU.Build.0 = Release|Any CPU
	EndGlobalSection
	GlobalSection(SolutionProperties) = preSolution
		HideSolutionNode = FALSE
	EndGlobalSection
	GlobalSection(ExtensibilityGlobals) = postSolution
		SolutionGuid = {B594BD12-7170-44B7-9493-851C1B5486CC}
	EndGlobalSection
EndGlobal
